
Microsoft Visual Studio Solution File, Format Version 12.00
# Visual Studio Version 17
VisualStudioVersion = 17.7.34031.279
MinimumVisualStudioVersion = 10.0.40219.1
Project("{9A19103F-16F7-4668-BE54-9A1E7A4F7556}") = "lika", "lika.csproj", "{82C05432-7305-416F-B848-CE803B864564}"
EndProject
Global
	GlobalSection(SolutionConfigurationPlatforms) = preSolution
		Debug|Any CPU = Debug|Any CPU
		Release|Any CPU = Release|Any CPU
	EndGlobalSection
	GlobalSection(ProjectConfigurationPlatforms) = postSolution
		{82C05432-7305-416F-B848-CE803B864564}.Debug|Any CPU.ActiveCfg = Debug|Any CPU
		{82C05432-7305-416F-B848-CE803B864564}.Debug|Any CPU.Build.0 = Debug|Any CPU
		{82C05432-7305-416F-B848-CE803B864564}.Release|Any CPU.ActiveCfg = Release|x64
		{82C05432-7305-416F-B848-CE803B864564}.Release|Any CPU.Build.0 = Release|x64
	EndGlobalSection
	GlobalSection(SolutionProperties) = preSolution
		HideSolutionNode = FALSE
	EndGlobalSection
	GlobalSection(ExtensibilityGlobals) = postSolution
		SolutionGuid = {FC2414E5-D524-418E-8463-DB2A8AA84C59}
	EndGlobalSection
EndGlobal
